
Microsoft Visual Studio Solution File, Format Version 12.00
# Visual Studio Version 17
VisualStudioVersion = 17.8.34330.188
MinimumVisualStudioVersion = 10.0.40219.1
Project("{2150E333-8FDC-42A3-9474-1A3956D46DE8}") = "src", "src", "{43155C42-0DA6-4856-A212-3428BBA8B459}"
EndProject
Project("{2150E333-8FDC-42A3-9474-1A3956D46DE8}") = "Core", "Core", "{B74965E0-CB91-4BBE-BDBF-8CC9C2E94D8F}"
EndProject
Project("{2150E333-8FDC-42A3-9474-1A3956D46DE8}") = "Infrastracture", "Infrastracture", "{482C95A7-A107-4BA9-8046-A68BAA48BFD9}"
EndProject
Project("{2150E333-8FDC-42A3-9474-1A3956D46DE8}") = "Presentation", "Presentation", "{D0FFCDA5-2B2F-4971-9BE6-25A7E3E006BC}"
EndProject
Project("{FAE04EC0-301F-11D3-BF4B-00C04F79EFBC}") = "Adisyon_OnionArch.Project.Application", "src\Core\Adisyon_OnionArch.Project.Application\Adisyon_OnionArch.Project.Application.csproj", "{8B9E411A-FA36-4566-9CE9-988CC9372A8A}"
EndProject
Project("{FAE04EC0-301F-11D3-BF4B-00C04F79EFBC}") = "Adisyon_OnionArch.Project.CustomMapper", "src\Core\Adisyon_OnionArch.Project.CustomMapper\Adisyon_OnionArch.Project.CustomMapper.csproj", "{0922EC08-8112-42BE-B273-495EACF1A151}"
EndProject
Project("{FAE04EC0-301F-11D3-BF4B-00C04F79EFBC}") = "Adisyon_OnionArch.Project.Domain", "src\Core\Adisyon_OnionArch.Project.Domain\Adisyon_OnionArch.Project.Domain.csproj", "{1CC3EA6F-5DA4-4149-B6C5-CA9A764CF5F3}"
EndProject
Project("{FAE04EC0-301F-11D3-BF4B-00C04F79EFBC}") = "Adisyon_OnionArch.Project.Infrastracture", "src\Infrastracture\Adisyon_OnionArch.Project.Infrastracture\Adisyon_OnionArch.Project.Infrastracture.csproj", "{B1CBDCC6-94BC-49CB-9247-7888A3C8249B}"
EndProject
Project("{FAE04EC0-301F-11D3-BF4B-00C04F79EFBC}") = "Adisyon_OnionArch.Project.Persistance", "src\Infrastracture\Adisyon_OnionArch.Project.Persistance\Adisyon_OnionArch.Project.Persistance.csproj", "{437C6D93-DBB2-485B-89AC-10A8937F78F8}"
EndProject
Project("{FAE04EC0-301F-11D3-BF4B-00C04F79EFBC}") = "Adisyon_OnionArch.Project.Api", "src\Presentation\Adisyon_OnionArch.Project.Api\Adisyon_OnionArch.Project.Api.csproj", "{2E64028C-64B3-4B1D-B50E-C1206C10FA88}"
EndProject
Global
	GlobalSection(SolutionConfigurationPlatforms) = preSolution
		Debug|Any CPU = Debug|Any CPU
		Release|Any CPU = Release|Any CPU
	EndGlobalSection
	GlobalSection(ProjectConfigurationPlatforms) = postSolution
		{8B9E411A-FA36-4566-9CE9-988CC9372A8A}.Debug|Any CPU.ActiveCfg = Debug|Any CPU
		{8B9E411A-FA36-4566-9CE9-988CC9372A8A}.Debug|Any CPU.Build.0 = Debug|Any CPU
		{8B9E411A-FA36-4566-9CE9-988CC9372A8A}.Release|Any CPU.ActiveCfg = Release|Any CPU
		{8B9E411A-FA36-4566-9CE9-988CC9372A8A}.Release|Any CPU.Build.0 = Release|Any CPU
		{0922EC08-8112-42BE-B273-495EACF1A151}.Debug|Any CPU.ActiveCfg = Debug|Any CPU
		{0922EC08-8112-42BE-B273-495EACF1A151}.Debug|Any CPU.Build.0 = Debug|Any CPU
		{0922EC08-8112-42BE-B273-495EACF1A151}.Release|Any CPU.ActiveCfg = Release|Any CPU
		{0922EC08-8112-42BE-B273-495EACF1A151}.Release|Any CPU.Build.0 = Release|Any CPU
		{1CC3EA6F-5DA4-4149-B6C5-CA9A764CF5F3}.Debug|Any CPU.ActiveCfg = Debug|Any CPU
		{1CC3EA6F-5DA4-4149-B6C5-CA9A764CF5F3}.Debug|Any CPU.Build.0 = Debug|Any CPU
		{1CC3EA6F-5DA4-4149-B6C5-CA9A764CF5F3}.Release|Any CPU.ActiveCfg = Release|Any CPU
		{1CC3EA6F-5DA4-4149-B6C5-CA9A764CF5F3}.Release|Any CPU.Build.0 = Release|Any CPU
		{B1CBDCC6-94BC-49CB-9247-7888A3C8249B}.Debug|Any CPU.ActiveCfg = Debug|Any CPU
		{B1CBDCC6-94BC-49CB-9247-7888A3C8249B}.Debug|Any CPU.Build.0 = Debug|Any CPU
		{B1CBDCC6-94BC-49CB-9247-7888A3C8249B}.Release|Any CPU.ActiveCfg = Release|Any CPU
		{B1CBDCC6-94BC-49CB-9247-7888A3C8249B}.Release|Any CPU.Build.0 = Release|Any CPU
		{437C6D93-DBB2-485B-89AC-10A8937F78F8}.Debug|Any CPU.ActiveCfg = Debug|Any CPU
		{437C6D93-DBB2-485B-89AC-10A8937F78F8}.Debug|Any CPU.Build.0 = Debug|Any CPU
		{437C6D93-DBB2-485B-89AC-10A8937F78F8}.Release|Any CPU.ActiveCfg = Release|Any CPU
		{437C6D93-DBB2-485B-89AC-10A8937F78F8}.Release|Any CPU.Build.0 = Release|Any CPU
		{2E64028C-64B3-4B1D-B50E-C1206C10FA88}.Debug|Any CPU.ActiveCfg = Debug|Any CPU
		{2E64028C-64B3-4B1D-B50E-C1206C10FA88}.Debug|Any CPU.Build.0 = Debug|Any CPU
		{2E64028C-64B3-4B1D-B50E-C1206C10FA88}.Release|Any CPU.ActiveCfg = Release|Any CPU
		{2E64028C-64B3-4B1D-B50E-C1206C10FA88}.Release|Any CPU.Build.0 = Release|Any CPU
	EndGlobalSection
	GlobalSection(SolutionProperties) = preSolution
		HideSolutionNode = FALSE
	EndGlobalSection
	GlobalSection(NestedProjects) = preSolution
		{B74965E0-CB91-4BBE-BDBF-8CC9C2E94D8F} = {43155C42-0DA6-4856-A212-3428BBA8B459}
		{482C95A7-A107-4BA9-8046-A68BAA48BFD9} = {43155C42-0DA6-4856-A212-3428BBA8B459}
		{D0FFCDA5-2B2F-4971-9BE6-25A7E3E006BC} = {43155C42-0DA6-4856-A212-3428BBA8B459}
		{8B9E411A-FA36-4566-9CE9-988CC9372A8A} = {B74965E0-CB91-4BBE-BDBF-8CC9C2E94D8F}
		{0922EC08-8112-42BE-B273-495EACF1A151} = {B74965E0-CB91-4BBE-BDBF-8CC9C2E94D8F}
		{1CC3EA6F-5DA4-4149-B6C5-CA9A764CF5F3} = {B74965E0-CB91-4BBE-BDBF-8CC9C2E94D8F}
		{B1CBDCC6-94BC-49CB-9247-7888A3C8249B} = {482C95A7-A107-4BA9-8046-A68BAA48BFD9}
		{437C6D93-DBB2-485B-89AC-10A8937F78F8} = {482C95A7-A107-4BA9-8046-A68BAA48BFD9}
		{2E64028C-64B3-4B1D-B50E-C1206C10FA88} = {D0FFCDA5-2B2F-4971-9BE6-25A7E3E006BC}
	EndGlobalSection
	GlobalSection(ExtensibilityGlobals) = postSolution
		SolutionGuid = {ABA28D84-40ED-40F7-9F9D-955A1214E88B}
	EndGlobalSection
EndGlobal
